{
  "name": "tfview",
  "lockfileVersion": 3,
  "requires": true,
  "packages": {
    "": {
      "dependencies": {
        "ai-edge-model-explorer-visualizer": "^0.1.2"
      }
    },
    "node_modules/ai-edge-model-explorer-visualizer": {
      "version": "0.1.2",
      "resolved": "https://registry.npmjs.org/ai-edge-model-explorer-visualizer/-/ai-edge-model-explorer-visualizer-0.1.2.tgz",
      "integrity": "sha512-iVQjDZy9xFJabdg1y0nGXp2Kxc2D8smOrpi8zHzMzD0qpNRbb4dKpHLZus33RtmoR741fe/VnsyXmVlDysUJUA=="
    }
  }
}
